// !$*UTF8*$!
{
	archiveVersion = 1;
	classes = {
	};
	objectVersion = 46;
	objects = {

/* Begin PBXBuildFile section */
		94812C8A18897DCF00FB2B0D /* Foundation.framework in Frameworks */ = {isa = PBXBuildFile; fileRef = 94812C8918897DCF00FB2B0D /* Foundation.framework */; };
		94812C8C18897DCF00FB2B0D /* CoreGraphics.framework in Frameworks */ = {isa = PBXBuildFile; fileRef = 94812C8B18897DCF00FB2B0D /* CoreGraphics.framework */; };
		94812C8E18897DCF00FB2B0D /* UIKit.framework in Frameworks */ = {isa = PBXBuildFile; fileRef = 94812C8D18897DCF00FB2B0D /* UIKit.framework */; };
		94812C9418897DCF00FB2B0D /* InfoPlist.strings in Resources */ = {isa = PBXBuildFile; fileRef = 94812C9218897DCF00FB2B0D /* InfoPlist.strings */; };
		94812C9618897DCF00FB2B0D /* main.m in Sources */ = {isa = PBXBuildFile; fileRef = 94812C9518897DCF00FB2B0D /* main.m */; };
		94812C9A18897DCF00FB2B0D /* QuizAppDelegate.m in Sources */ = {isa = PBXBuildFile; fileRef = 94812C9918897DCF00FB2B0D /* QuizAppDelegate.m */; };
		94812C9D18897DCF00FB2B0D /* Main.storyboard in Resources */ = {isa = PBXBuildFile; fileRef = 94812C9B18897DCF00FB2B0D /* Main.storyboard */; };
		94812CA018897DCF00FB2B0D /* QuizViewController.m in Sources */ = {isa = PBXBuildFile; fileRef = 94812C9F18897DCF00FB2B0D /* QuizViewController.m */; };
		94812CA218897DCF00FB2B0D /* Images.xcassets in Resources */ = {isa = PBXBuildFile; fileRef = 94812CA118897DCF00FB2B0D /* Images.xcassets */; };
		94812CA918897DCF00FB2B0D /* XCTest.framework in Frameworks */ = {isa = PBXBuildFile; fileRef = 94812CA818897DCF00FB2B0D /* XCTest.framework */; };
		94812CAA18897DCF00FB2B0D /* Foundation.framework in Frameworks */ = {isa = PBXBuildFile; fileRef = 94812C8918897DCF00FB2B0D /* Foundation.framework */; };
		94812CAB18897DCF00FB2B0D /* UIKit.framework in Frameworks */ = {isa = PBXBuildFile; fileRef = 94812C8D18897DCF00FB2B0D /* UIKit.framework */; };
		94812CB318897DCF00FB2B0D /* InfoPlist.strings in Resources */ = {isa = PBXBuildFile; fileRef = 94812CB118897DCF00FB2B0D /* InfoPlist.strings */; };
		94812CB518897DCF00FB2B0D /* Quiz2Tests.m in Sources */ = {isa = PBXBuildFile; fileRef = 94812CB418897DCF00FB2B0D /* Quiz2Tests.m */; };
/* End PBXBuildFile section */

/* Begin PBXContainerItemProxy section */
		94812CAC18897DCF00FB2B0D /* PBXContainerItemProxy */ = {
			isa = PBXContainerItemProxy;
			containerPortal = 94812C7E18897DCF00FB2B0D /* Project object */;
			proxyType = 1;
			remoteGlobalIDString = 94812C8518897DCF00FB2B0D;
			remoteInfo = Quiz2;
		};
/* End PBXContainerItemProxy section */

/* Begin PBXFileReference section */
		94812C8618897DCF00FB2B0D /* Quiz2.app */ = {isa = PBXFileReference; explicitFileType = wrapper.application; includeInIndex = 0; path = Quiz2.app; sourceTree = BUILT_PRODUCTS_DIR; };
		94812C8918897DCF00FB2B0D /* Foundation.framework */ = {isa = PBXFileReference; lastKnownFileType = wrapper.framework; name = Foundation.framework; path = System/Library/Frameworks/Foundation.framework; sourceTree = SDKROOT; };
		94812C8B18897DCF00FB2B0D /* CoreGraphics.framework */ = {isa = PBXFileReference; lastKnownFileType = wrapper.framework; name = CoreGraphics.framework; path = System/Library/Frameworks/CoreGraphics.framework; sourceTree = SDKROOT; };
		94812C8D18897DCF00FB2B0D /* UIKit.framework */ = {isa = PBXFileReference; lastKnownFileType = wrapper.framework; name = UIKit.framework; path = System/Library/Frameworks/UIKit.framework; sourceTree = SDKROOT; };
		94812C9118897DCF00FB2B0D /* Quiz2-Info.plist */ = {isa = PBXFileReference; lastKnownFileType = text.plist.xml; path = "Quiz2-Info.plist"; sourceTree = "<group>"; };
		94812C9318897DCF00FB2B0D /* en */ = {isa = PBXFileReference; lastKnownFileType = text.plist.strings; name = en; path = en.lproj/InfoPlist.strings; sourceTree = "<group>"; };
		94812C9518897DCF00FB2B0D /* main.m */ = {isa = PBXFileReference; lastKnownFileType = sourcecode.c.objc; path = main.m; sourceTree = "<group>"; };
		94812C9718897DCF00FB2B0D /* Quiz2-Prefix.pch */ = {isa = PBXFileReference; lastKnownFileType = sourcecode.c.h; path = "Quiz2-Prefix.pch"; sourceTree = "<group>"; };
		94812C9818897DCF00FB2B0D /* QuizAppDelegate.h */ = {isa = PBXFileReference; lastKnownFileType = sourcecode.c.h; path = QuizAppDelegate.h; sourceTree = "<group>"; };
		94812C9918897DCF00FB2B0D /* QuizAppDelegate.m */ = {isa = PBXFileReference; lastKnownFileType = sourcecode.c.objc; path = QuizAppDelegate.m; sourceTree = "<group>"; };
		94812C9C18897DCF00FB2B0D /* Base */ = {isa = PBXFileReference; lastKnownFileType = file.storyboard; name = Base; path = Base.lproj/Main.storyboard; sourceTree = "<group>"; };
		94812C9E18897DCF00FB2B0D /* QuizViewController.h */ = {isa = PBXFileReference; lastKnownFileType = sourcecode.c.h; path = QuizViewController.h; sourceTree = "<group>"; };
		94812C9F18897DCF00FB2B0D /* QuizViewController.m */ = {isa = PBXFileReference; lastKnownFileType = sourcecode.c.objc; path = QuizViewController.m; sourceTree = "<group>"; };
		94812CA118897DCF00FB2B0D /* Images.xcassets */ = {isa = PBXFileReference; lastKnownFileType = folder.assetcatalog; path = Images.xcassets; sourceTree = "<group>"; };
		94812CA718897DCF00FB2B0D /* Quiz2Tests.xctest */ = {isa = PBXFileReference; explicitFileType = wrapper.cfbundle; includeInIndex = 0; path = Quiz2Tests.xctest; sourceTree = BUILT_PRODUCTS_DIR; };
		94812CA818897DCF00FB2B0D /* XCTest.framework */ = {isa = PBXFileReference; lastKnownFileType = wrapper.framework; name = XCTest.framework; path = Library/Frameworks/XCTest.framework; sourceTree = DEVELOPER_DIR; };
		94812CB018897DCF00FB2B0D /* Quiz2Tests-Info.plist */ = {isa = PBXFileReference; lastKnownFileType = text.plist.xml; path = "Quiz2Tests-Info.plist"; sourceTree = "<group>"; };
		94812CB218897DCF00FB2B0D /* en */ = {isa = PBXFileReference; lastKnownFileType = text.plist.strings; name = en; path = en.lproj/InfoPlist.strings; sourceTree = "<group>"; };
		94812CB418897DCF00FB2B0D /* Quiz2Tests.m */ = {isa = PBXFileReference; lastKnownFileType = sourcecode.c.objc; path = Quiz2Tests.m; sourceTree = "<group>"; };
/* End PBXFileReference section */

/* Begin PBXFrameworksBuildPhase section */
		94812C8318897DCF00FB2B0D /* Frameworks */ = {
			isa = PBXFrameworksBuildPhase;
			buildActionMask = 2147483647;
			files = (
				94812C8C18897DCF00FB2B0D /* CoreGraphics.framework in Frameworks */,
				94812C8E18897DCF00FB2B0D /* UIKit.framework in Frameworks */,
				94812C8A18897DCF00FB2B0D /* Foundation.framework in Frameworks */,
			);
			runOnlyForDeploymentPostprocessing = 0;
		};
		94812CA418897DCF00FB2B0D /* Frameworks */ = {
			isa = PBXFrameworksBuildPhase;
			buildActionMask = 2147483647;
			files = (
				94812CA918897DCF00FB2B0D /* XCTest.framework in Frameworks */,
				94812CAB18897DCF00FB2B0D /* UIKit.framework in Frameworks */,
				94812CAA18897DCF00FB2B0D /* Foundation.framework in Frameworks */,
			);
			runOnlyForDeploymentPostprocessing = 0;
		};
/* End PBXFrameworksBuildPhase section */

/* Begin PBXGroup section */
		94812C7D18897DCF00FB2B0D = {
			isa = PBXGroup;
			children = (
				94812C8F18897DCF00FB2B0D /* Quiz2 */,
				94812CAE18897DCF00FB2B0D /* Quiz2Tests */,
				94812C8818897DCF00FB2B0D /* Frameworks */,
				94812C8718897DCF00FB2B0D /* Products */,
			);
			sourceTree = "<group>";
		};
		94812C8718897DCF00FB2B0D /* Products */ = {
			isa = PBXGroup;
			children = (
				94812C8618897DCF00FB2B0D /* Quiz2.app */,
				94812CA718897DCF00FB2B0D /* Quiz2Tests.xctest */,
			);
			name = Products;
			sourceTree = "<group>";
		};
		94812C8818897DCF00FB2B0D /* Frameworks */ = {
			isa = PBXGroup;
			children = (
				94812C8918897DCF00FB2B0D /* Foundation.framework */,
				94812C8B18897DCF00FB2B0D /* CoreGraphics.framework */,
				94812C8D18897DCF00FB2B0D /* UIKit.framework */,
				94812CA818897DCF00FB2B0D /* XCTest.framework */,
			);
			name = Frameworks;
			sourceTree = "<group>";
		};
		94812C8F18897DCF00FB2B0D /* Quiz2 */ = {
			isa = PBXGroup;
			children = (
				94812C9818897DCF00FB2B0D /* QuizAppDelegate.h */,
				94812C9918897DCF00FB2B0D /* QuizAppDelegate.m */,
				94812C9B18897DCF00FB2B0D /* Main.storyboard */,
				94812C9E18897DCF00FB2B0D /* QuizViewController.h */,
				94812C9F18897DCF00FB2B0D /* QuizViewController.m */,
				94812CA118897DCF00FB2B0D /* Images.xcassets */,
				94812C9018897DCF00FB2B0D /* Supporting Files */,
			);
			path = Quiz2;
			sourceTree = "<group>";
		};
		94812C9018897DCF00FB2B0D /* Supporting Files */ = {
			isa = PBXGroup;
			children = (
				94812C9118897DCF00FB2B0D /* Quiz2-Info.plist */,
				94812C9218897DCF00FB2B0D /* InfoPlist.strings */,
				94812C9518897DCF00FB2B0D /* main.m */,
				94812C9718897DCF00FB2B0D /* Quiz2-Prefix.pch */,
			);
			name = "Supporting Files";
			sourceTree = "<group>";
		};
		94812CAE18897DCF00FB2B0D /* Quiz2Tests */ = {
			isa = PBXGroup;
			children = (
				94812CB418897DCF00FB2B0D /* Quiz2Tests.m */,
				94812CAF18897DCF00FB2B0D /* Supporting Files */,
			);
			path = Quiz2Tests;
			sourceTree = "<group>";
		};
		94812CAF18897DCF00FB2B0D /* Supporting Files */ = {
			isa = PBXGroup;
			children = (
				94812CB018897DCF00FB2B0D /* Quiz2Tests-Info.plist */,
				94812CB118897DCF00FB2B0D /* InfoPlist.strings */,
			);
			name = "Supporting Files";
			sourceTree = "<group>";
		};
/* End PBXGroup section */

/* Begin PBXNativeTarget section */
		94812C8518897DCF00FB2B0D /* Quiz2 */ = {
			isa = PBXNativeTarget;
			buildConfigurationList = 94812CB818897DCF00FB2B0D /* Build configuration list for PBXNativeTarget "Quiz2" */;
			buildPhases = (
				94812C8218897DCF00FB2B0D /* Sources */,
				94812C8318897DCF00FB2B0D /* Frameworks */,
				94812C8418897DCF00FB2B0D /* Resources */,
			);
			buildRules = (
			);
			dependencies = (
			);
			name = Quiz2;
			productName = Quiz2;
			productReference = 94812C8618897DCF00FB2B0D /* Quiz2.app */;
			productType = "com.apple.product-type.application";
		};
		94812CA618897DCF00FB2B0D /* Quiz2Tests */ = {
			isa = PBXNativeTarget;
			buildConfigurationList = 94812CBB18897DCF00FB2B0D /* Build configuration list for PBXNativeTarget "Quiz2Tests" */;
			buildPhases = (
				94812CA318897DCF00FB2B0D /* Sources */,
				94812CA418897DCF00FB2B0D /* Frameworks */,
				94812CA518897DCF00FB2B0D /* Resources */,
			);
			buildRules = (
			);
			dependencies = (
				94812CAD18897DCF00FB2B0D /* PBXTargetDependency */,
			);
			name = Quiz2Tests;
			productName = Quiz2Tests;
			productReference = 94812CA718897DCF00FB2B0D /* Quiz2Tests.xctest */;
			productType = "com.apple.product-type.bundle.unit-test";
		};
/* End PBXNativeTarget section */

/* Begin PBXProject section */
		94812C7E18897DCF00FB2B0D /* Project object */ = {
			isa = PBXProject;
			attributes = {
				CLASSPREFIX = Quiz;
				LastUpgradeCheck = 0500;
				ORGANIZATIONNAME = Ryan;
				TargetAttributes = {
					94812CA618897DCF00FB2B0D = {
						TestTargetID = 94812C8518897DCF00FB2B0D;
					};
				};
			};
			buildConfigurationList = 94812C8118897DCF00FB2B0D /* Build configuration list for PBXProject "Quiz2" */;
			compatibilityVersion = "Xcode 3.2";
			developmentRegion = English;
			hasScannedForEncodings = 0;
			knownRegions = (
				en,
				Base,
			);
			mainGroup = 94812C7D18897DCF00FB2B0D;
			productRefGroup = 94812C8718897DCF00FB2B0D /* Products */;
			projectDirPath = "";
			projectRoot = "";
			targets = (
				94812C8518897DCF00FB2B0D /* Quiz2 */,
				94812CA618897DCF00FB2B0D /* Quiz2Tests */,
			);
		};
/* End PBXProject section */

/* Begin PBXResourcesBuildPhase section */
		94812C8418897DCF00FB2B0D /* Resources */ = {
			isa = PBXResourcesBuildPhase;
			buildActionMask = 2147483647;
			files = (
				94812CA218897DCF00FB2B0D /* Images.xcassets in Resources */,
				94812C9418897DCF00FB2B0D /* InfoPlist.strings in Resources */,
				94812C9D18897DCF00FB2B0D /* Main.storyboard in Resources */,
			);
			runOnlyForDeploymentPostprocessing = 0;
		};
		94812CA518897DCF00FB2B0D /* Resources */ = {
			isa = PBXResourcesBuildPhase;
			buildActionMask = 2147483647;
			files = (
				94812CB318897DCF00FB2B0D /* InfoPlist.strings in Resources */,
			);
			runOnlyForDeploymentPostprocessing = 0;
		};
/* End PBXResourcesBuildPhase section */

/* Begin PBXSourcesBuildPhase section */
		94812C8218897DCF00FB2B0D /* Sources */ = {
			isa = PBXSourcesBuildPhase;
			buildActionMask = 2147483647;
			files = (
				94812C9618897DCF00FB2B0D /* main.m in Sources */,
				94812C9A18897DCF00FB2B0D /* QuizAppDelegate.m in Sources */,
				94812CA018897DCF00FB2B0D /* QuizViewController.m in Sources */,
			);
			runOnlyForDeploymentPostprocessing = 0;
		};
		94812CA318897DCF00FB2B0D /* Sources */ = {
			isa = PBXSourcesBuildPhase;
			buildActionMask = 2147483647;
			files = (
				94812CB518897DCF00FB2B0D /* Quiz2Tests.m in Sources */,
			);
			runOnlyForDeploymentPostprocessing = 0;
		};
/* End PBXSourcesBuildPhase section */

/* Begin PBXTargetDependency section */
		94812CAD18897DCF00FB2B0D /* PBXTargetDependency */ = {
			isa = PBXTargetDependency;
			target = 94812C8518897DCF00FB2B0D /* Quiz2 */;
			targetProxy = 94812CAC18897DCF00FB2B0D /* PBXContainerItemProxy */;
		};
/* End PBXTargetDependency section */

/* Begin PBXVariantGroup section */
		94812C9218897DCF00FB2B0D /* InfoPlist.strings */ = {
			isa = PBXVariantGroup;
			children = (
				94812C9318897DCF00FB2B0D /* en */,
			);
			name = InfoPlist.strings;
			sourceTree = "<group>";
		};
		94812C9B18897DCF00FB2B0D /* Main.storyboard */ = {
			isa = PBXVariantGroup;
			children = (
				94812C9C18897DCF00FB2B0D /* Base */,
			);
			name = Main.storyboard;
			sourceTree = "<group>";
		};
		94812CB118897DCF00FB2B0D /* InfoPlist.strings */ = {
			isa = PBXVariantGroup;
			children = (
				94812CB218897DCF00FB2B0D /* en */,
			);
			name = InfoPlist.strings;
			sourceTree = "<group>";
		};
/* End PBXVariantGroup section */

/* Begin XCBuildConfiguration section */
		94812CB618897DCF00FB2B0D /* Debug */ = {
			isa = XCBuildConfiguration;
			buildSettings = {
				ALWAYS_SEARCH_USER_PATHS = NO;
				ARCHS = "$(ARCHS_STANDARD_INCLUDING_64_BIT)";
				CLANG_CXX_LANGUAGE_STANDARD = "gnu++0x";
				CLANG_CXX_LIBRARY = "libc++";
				CLANG_ENABLE_MODULES = YES;
				CLANG_ENABLE_OBJC_ARC = YES;
				CLANG_WARN_BOOL_CONVERSION = YES;
				CLANG_WARN_CONSTANT_CONVERSION = YES;
				CLANG_WARN_DIRECT_OBJC_ISA_USAGE = YES_ERROR;
				CLANG_WARN_EMPTY_BODY = YES;
				CLANG_WARN_ENUM_CONVERSION = YES;
				CLANG_WARN_INT_CONVERSION = YES;
				CLANG_WARN_OBJC_ROOT_CLASS = YES_ERROR;
				CLANG_WARN__DUPLICATE_METHOD_MATCH = YES;
				"CODE_SIGN_IDENTITY[sdk=iphoneos*]" = "iPhone Developer";
				COPY_PHASE_STRIP = NO;
				GCC_C_LANGUAGE_STANDARD = gnu99;
				GCC_DYNAMIC_NO_PIC = NO;
				GCC_OPTIMIZATION_LEVEL = 0;
				GCC_PREPROCESSOR_DEFINITIONS = (
					"DEBUG=1",
					"$(inherited)",
				);
				GCC_SYMBOLS_PRIVATE_EXTERN = NO;
				GCC_WARN_64_TO_32_BIT_CONVERSION = YES;
				GCC_WARN_ABOUT_RETURN_TYPE = YES_ERROR;
				GCC_WARN_UNDECLARED_SELECTOR = YES;
				GCC_WARN_UNINITIALIZED_AUTOS = YES;
				GCC_WARN_UNUSED_FUNCTION = YES;
				GCC_WARN_UNUSED_VARIABLE = YES;
				IPHONEOS_DEPLOYMENT_TARGET = 7.0;
				ONLY_ACTIVE_ARCH = YES;
				SDKROOT = iphoneos;
			};
			name = Debug;
		};
		94812CB718897DCF00FB2B0D /* Release */ = {
			isa = XCBuildConfiguration;
			buildSettings = {
				ALWAYS_SEARCH_USER_PATHS = NO;
				ARCHS = "$(ARCHS_STANDARD_INCLUDING_64_BIT)";
				CLANG_CXX_LANGUAGE_STANDARD = "gnu++0x";
				CLANG_CXX_LIBRARY = "libc++";
				CLANG_ENABLE_MODULES = YES;
				CLANG_ENABLE_OBJC_ARC = YES;
				CLANG_WARN_BOOL_CONVERSION = YES;
				CLANG_WARN_CONSTANT_CONVERSION = YES;
				CLANG_WARN_DIRECT_OBJC_ISA_USAGE = YES_ERROR;
				CLANG_WARN_EMPTY_BODY = YES;
				CLANG_WARN_ENUM_CONVERSION = YES;
				CLANG_WARN_INT_CONVERSION = YES;
				CLANG_WARN_OBJC_ROOT_CLASS = YES_ERROR;
				CLANG_WARN__DUPLICATE_METHOD_MATCH = YES;
				"CODE_SIGN_IDENTITY[sdk=iphoneos*]" = "iPhone Developer";
				COPY_PHASE_STRIP = YES;
				ENABLE_NS_ASSERTIONS = NO;
				GCC_C_LANGUAGE_STANDARD = gnu99;
				GCC_WARN_64_TO_32_BIT_CONVERSION = YES;
				GCC_WARN_ABOUT_RETURN_TYPE = YES_ERROR;
				GCC_WARN_UNDECLARED_SELECTOR = YES;
				GCC_WARN_UNINITIALIZED_AUTOS = YES;
				GCC_WARN_UNUSED_FUNCTION = YES;
				GCC_WARN_UNUSED_VARIABLE = YES;
				IPHONEOS_DEPLOYMENT_TARGET = 7.0;
				SDKROOT = iphoneos;
				VALIDATE_PRODUCT = YES;
			};
			name = Release;
		};
		94812CB918897DCF00FB2B0D /* Debug */ = {
			isa = XCBuildConfiguration;
			buildSettings = {
				ASSETCATALOG_COMPILER_APPICON_NAME = AppIcon;
				ASSETCATALOG_COMPILER_LAUNCHIMAGE_NAME = LaunchImage;
				GCC_PRECOMPILE_PREFIX_HEADER = YES;
				GCC_PREFIX_HEADER = "Quiz2/Quiz2-Prefix.pch";
				INFOPLIST_FILE = "Quiz2/Quiz2-Info.plist";
				PRODUCT_NAME = "$(TARGET_NAME)";
				WRAPPER_EXTENSION = app;
			};
			name = Debug;
		};
		94812CBA18897DCF00FB2B0D /* Release */ = {
			isa = XCBuildConfiguration;
			buildSettings = {
				ASSETCATALOG_COMPILER_APPICON_NAME = AppIcon;
				ASSETCATALOG_COMPILER_LAUNCHIMAGE_NAME = LaunchImage;
				GCC_PRECOMPILE_PREFIX_HEADER = YES;
				GCC_PREFIX_HEADER = "Quiz2/Quiz2-Prefix.pch";
				INFOPLIST_FILE = "Quiz2/Quiz2-Info.plist";
				PRODUCT_NAME = "$(TARGET_NAME)";
				WRAPPER_EXTENSION = app;
			};
			name = Release;
		};
		94812CBC18897DCF00FB2B0D /* Debug */ = {
			isa = XCBuildConfiguration;
			buildSettings = {
				ARCHS = "$(ARCHS_STANDARD_INCLUDING_64_BIT)";
				BUNDLE_LOADER = "$(BUILT_PRODUCTS_DIR)/Quiz2.app/Quiz2";
				FRAMEWORK_SEARCH_PATHS = (
					"$(SDKROOT)/Developer/Library/Frameworks",
					"$(inherited)",
					"$(DEVELOPER_FRAMEWORKS_DIR)",
				);
				GCC_PRECOMPILE_PREFIX_HEADER = YES;
				GCC_PREFIX_HEADER = "Quiz2/Quiz2-Prefix.pch";
				GCC_PREPROCESSOR_DEFINITIONS = (
					"DEBUG=1",
					"$(inherited)",
				);
				INFOPLIST_FILE = "Quiz2Tests/Quiz2Tests-Info.plist";
				PRODUCT_NAME = "$(TARGET_NAME)";
				TEST_HOST = "$(BUNDLE_LOADER)";
				WRAPPER_EXTENSION = xctest;
			};
			name = Debug;
		};
		94812CBD18897DCF00FB2B0D /* Release */ = {
			isa = XCBuildConfiguration;
			buildSettings = {
				ARCHS = "$(ARCHS_STANDARD_INCLUDING_64_BIT)";
				BUNDLE_LOADER = "$(BUILT_PRODUCTS_DIR)/Quiz2.app/Quiz2";
				FRAMEWORK_SEARCH_PATHS = (
					"$(SDKROOT)/Developer/Library/Frameworks",
					"$(inherited)",
					"$(DEVELOPER_FRAMEWORKS_DIR)",
				);
				GCC_PRECOMPILE_PREFIX_HEADER = YES;
				GCC_PREFIX_HEADER = "Quiz2/Quiz2-Prefix.pch";
				INFOPLIST_FILE = "Quiz2Tests/Quiz2Tests-Info.plist";
				PRODUCT_NAME = "$(TARGET_NAME)";
				TEST_HOST = "$(BUNDLE_LOADER)";
				WRAPPER_EXTENSION = xctest;
			};
			name = Release;
		};
/* End XCBuildConfiguration section */

/* Begin XCConfigurationList section */
		94812C8118897DCF00FB2B0D /* Build configuration list for PBXProject "Quiz2" */ = {
			isa = XCConfigurationList;
			buildConfigurations = (
				94812CB618897DCF00FB2B0D /* Debug */,
				94812CB718897DCF00FB2B0D /* Release */,
			);
			defaultConfigurationIsVisible = 0;
			defaultConfigurationName = Release;
		};
		94812CB818897DCF00FB2B0D /* Build configuration list for PBXNativeTarget "Quiz2" */ = {
			isa = XCConfigurationList;
			buildConfigurations = (
				94812CB918897DCF00FB2B0D /* Debug */,
				94812CBA18897DCF00FB2B0D /* Release */,
			);
			defaultConfigurationIsVisible = 0;
		};
		94812CBB18897DCF00FB2B0D /* Build configuration list for PBXNativeTarget "Quiz2Tests" */ = {
			isa = XCConfigurationList;
			buildConfigurations = (
				94812CBC18897DCF00FB2B0D /* Debug */,
				94812CBD18897DCF00FB2B0D /* Release */,
			);
			defaultConfigurationIsVisible = 0;
		};
/* End XCConfigurationList section */
	};
	rootObject = 94812C7E18897DCF00FB2B0D /* Project object */;
}
